
Microsoft Visual Studio Solution File, Format Version 12.00
# Visual Studio Version 17
VisualStudioVersion = 17.4.33213.308
MinimumVisualStudioVersion = 10.0.40219.1
Project("{FAE04EC0-301F-11D3-BF4B-00C04F79EFBC}") = "RecipeWebApp", "RecipeWebApp.csproj", "{20C73948-DCDF-4140-9018-D2BC24A9D44B}"
EndProject
Global
	GlobalSection(SolutionConfigurationPlatforms) = preSolution
		Debug|Any CPU = Debug|Any CPU
		Release|Any CPU = Release|Any CPU
	EndGlobalSection
	GlobalSection(ProjectConfigurationPlatforms) = postSolution
		{20C73948-DCDF-4140-9018-D2BC24A9D44B}.Debug|Any CPU.ActiveCfg = Debug|Any CPU
		{20C73948-DCDF-4140-9018-D2BC24A9D44B}.Debug|Any CPU.Build.0 = Debug|Any CPU
		{20C73948-DCDF-4140-9018-D2BC24A9D44B}.Release|Any CPU.ActiveCfg = Release|Any CPU
		{20C73948-DCDF-4140-9018-D2BC24A9D44B}.Release|Any CPU.Build.0 = Release|Any CPU
	EndGlobalSection
	GlobalSection(SolutionProperties) = preSolution
		HideSolutionNode = FALSE
	EndGlobalSection
	GlobalSection(ExtensibilityGlobals) = postSolution
		SolutionGuid = {AA7187EE-3245-4537-B6AA-B17B769A3C0E}
	EndGlobalSection
EndGlobal
